
Microsoft Visual Studio Solution File, Format Version 12.00
# Visual Studio 15
VisualStudioVersion = 15.0.25914.0
MinimumVisualStudioVersion = 10.0.40219.1
Project("{2150E333-8FDC-42A3-9474-1A3956D46DE8}") = "src", "src", "{B529461E-C030-485C-9567-5DE35F06785A}"
EndProject
Project("{FAE04EC0-301F-11D3-BF4B-00C04F79EFBC}") = "Recipes01to09", "src\Recipes01to09\Recipes01to09.csproj", "{987B186C-6D0C-4BC0-A849-57A601B27CF2}"
EndProject
Global
	GlobalSection(SolutionConfigurationPlatforms) = preSolution
		Debug|Any CPU = Debug|Any CPU
		Release|Any CPU = Release|Any CPU
	EndGlobalSection
	GlobalSection(ProjectConfigurationPlatforms) = postSolution
		{987B186C-6D0C-4BC0-A849-57A601B27CF2}.Debug|Any CPU.ActiveCfg = Debug|Any CPU
		{987B186C-6D0C-4BC0-A849-57A601B27CF2}.Debug|Any CPU.Build.0 = Debug|Any CPU
		{987B186C-6D0C-4BC0-A849-57A601B27CF2}.Release|Any CPU.ActiveCfg = Release|Any CPU
		{987B186C-6D0C-4BC0-A849-57A601B27CF2}.Release|Any CPU.Build.0 = Release|Any CPU
	EndGlobalSection
	GlobalSection(SolutionProperties) = preSolution
		HideSolutionNode = FALSE
	EndGlobalSection
	GlobalSection(NestedProjects) = preSolution
		{987B186C-6D0C-4BC0-A849-57A601B27CF2} = {B529461E-C030-485C-9567-5DE35F06785A}
	EndGlobalSection
EndGlobal
