
Microsoft Visual Studio Solution File, Format Version 12.00
# Visual Studio 15
VisualStudioVersion = 15.0.26228.9
MinimumVisualStudioVersion = 10.0.40219.1
Project("{FAE04EC0-301F-11D3-BF4B-00C04F79EFBC}") = "Recipe06", "Recipe06\Recipe06.csproj", "{A84CCE9B-5426-45D4-B3F4-0062BE6EBC0B}"
EndProject
Global
	GlobalSection(SolutionConfigurationPlatforms) = preSolution
		Debug|Any CPU = Debug|Any CPU
		Release|Any CPU = Release|Any CPU
	EndGlobalSection
	GlobalSection(ProjectConfigurationPlatforms) = postSolution
		{A84CCE9B-5426-45D4-B3F4-0062BE6EBC0B}.Debug|Any CPU.ActiveCfg = Debug|Any CPU
		{A84CCE9B-5426-45D4-B3F4-0062BE6EBC0B}.Debug|Any CPU.Build.0 = Debug|Any CPU
		{A84CCE9B-5426-45D4-B3F4-0062BE6EBC0B}.Release|Any CPU.ActiveCfg = Release|Any CPU
		{A84CCE9B-5426-45D4-B3F4-0062BE6EBC0B}.Release|Any CPU.Build.0 = Release|Any CPU
	EndGlobalSection
	GlobalSection(SolutionProperties) = preSolution
		HideSolutionNode = FALSE
	EndGlobalSection
EndGlobal
