
Microsoft Visual Studio Solution File, Format Version 12.00
# Visual Studio 15
VisualStudioVersion = 15.0.26228.12
MinimumVisualStudioVersion = 10.0.40219.1
Project("{9A19103F-16F7-4668-BE54-9A1E7A4F7556}") = "Recipe02.Core.Web", "Core.Web\Recipe02.Core.Web.csproj", "{71919338-3740-4F35-8E78-4F2D412EA05C}"
EndProject
Project("{FAE04EC0-301F-11D3-BF4B-00C04F79EFBC}") = "Recipe02.DataAccess", "DataAccess\Recipe02.DataAccess.csproj", "{98FA0D97-0C0C-4FEF-8F94-71AA46255128}"
EndProject
Project("{9A19103F-16F7-4668-BE54-9A1E7A4F7556}") = "Recipe02.Static", "Static\Recipe02.Static.csproj", "{66750AA0-3CF4-43FC-BE53-4BCE7F340118}"
EndProject
Project("{FAE04EC0-301F-11D3-BF4B-00C04F79EFBC}") = "Recipe02.WebForms", "WebForms.Web\Recipe02.WebForms.csproj", "{753BD5FF-4054-4220-A97D-0263BE5669A6}"
EndProject
Global
	GlobalSection(SolutionConfigurationPlatforms) = preSolution
		Debug|Any CPU = Debug|Any CPU
		Release|Any CPU = Release|Any CPU
	EndGlobalSection
	GlobalSection(ProjectConfigurationPlatforms) = postSolution
		{71919338-3740-4F35-8E78-4F2D412EA05C}.Debug|Any CPU.ActiveCfg = Debug|Any CPU
		{71919338-3740-4F35-8E78-4F2D412EA05C}.Debug|Any CPU.Build.0 = Debug|Any CPU
		{71919338-3740-4F35-8E78-4F2D412EA05C}.Release|Any CPU.ActiveCfg = Release|Any CPU
		{71919338-3740-4F35-8E78-4F2D412EA05C}.Release|Any CPU.Build.0 = Release|Any CPU
		{98FA0D97-0C0C-4FEF-8F94-71AA46255128}.Debug|Any CPU.ActiveCfg = Debug|Any CPU
		{98FA0D97-0C0C-4FEF-8F94-71AA46255128}.Debug|Any CPU.Build.0 = Debug|Any CPU
		{98FA0D97-0C0C-4FEF-8F94-71AA46255128}.Release|Any CPU.ActiveCfg = Release|Any CPU
		{98FA0D97-0C0C-4FEF-8F94-71AA46255128}.Release|Any CPU.Build.0 = Release|Any CPU
		{66750AA0-3CF4-43FC-BE53-4BCE7F340118}.Debug|Any CPU.ActiveCfg = Debug|Any CPU
		{66750AA0-3CF4-43FC-BE53-4BCE7F340118}.Debug|Any CPU.Build.0 = Debug|Any CPU
		{66750AA0-3CF4-43FC-BE53-4BCE7F340118}.Release|Any CPU.ActiveCfg = Release|Any CPU
		{66750AA0-3CF4-43FC-BE53-4BCE7F340118}.Release|Any CPU.Build.0 = Release|Any CPU
		{753BD5FF-4054-4220-A97D-0263BE5669A6}.Debug|Any CPU.ActiveCfg = Debug|Any CPU
		{753BD5FF-4054-4220-A97D-0263BE5669A6}.Debug|Any CPU.Build.0 = Debug|Any CPU
		{753BD5FF-4054-4220-A97D-0263BE5669A6}.Release|Any CPU.ActiveCfg = Release|Any CPU
		{753BD5FF-4054-4220-A97D-0263BE5669A6}.Release|Any CPU.Build.0 = Release|Any CPU
	EndGlobalSection
	GlobalSection(SolutionProperties) = preSolution
		HideSolutionNode = FALSE
	EndGlobalSection
EndGlobal
