
Microsoft Visual Studio Solution File, Format Version 12.00
# Visual Studio 15
VisualStudioVersion = 15.0.25914.0
MinimumVisualStudioVersion = 10.0.40219.1
Project("{2150E333-8FDC-42A3-9474-1A3956D46DE8}") = "src", "src", "{10512F60-3814-4D4D-AFCE-AD89620CF25C}"
EndProject
Project("{FAE04EC0-301F-11D3-BF4B-00C04F79EFBC}") = "Recipe11", "src\Recipe11\Recipe11.csproj", "{32239F5E-959B-4F05-97FC-399CF3710209}"
EndProject
Global
	GlobalSection(SolutionConfigurationPlatforms) = preSolution
		Debug|Any CPU = Debug|Any CPU
		Release|Any CPU = Release|Any CPU
	EndGlobalSection
	GlobalSection(ProjectConfigurationPlatforms) = postSolution
		{32239F5E-959B-4F05-97FC-399CF3710209}.Debug|Any CPU.ActiveCfg = Debug|Any CPU
		{32239F5E-959B-4F05-97FC-399CF3710209}.Debug|Any CPU.Build.0 = Debug|Any CPU
		{32239F5E-959B-4F05-97FC-399CF3710209}.Release|Any CPU.ActiveCfg = Release|Any CPU
		{32239F5E-959B-4F05-97FC-399CF3710209}.Release|Any CPU.Build.0 = Release|Any CPU
	EndGlobalSection
	GlobalSection(SolutionProperties) = preSolution
		HideSolutionNode = FALSE
	EndGlobalSection
	GlobalSection(NestedProjects) = preSolution
		{32239F5E-959B-4F05-97FC-399CF3710209} = {10512F60-3814-4D4D-AFCE-AD89620CF25C}
	EndGlobalSection
EndGlobal
