
Microsoft Visual Studio Solution File, Format Version 12.00
# Visual Studio 15
VisualStudioVersion = 15.0.26206.0
MinimumVisualStudioVersion = 10.0.40219.1
Project("{FAE04EC0-301F-11D3-BF4B-00C04F79EFBC}") = "Recipe05.Web", "Recipe05.Web\Recipe05.Web.csproj", "{0D48F793-7449-416A-ADB1-E21554D76CA3}"
EndProject
Project("{FAE04EC0-301F-11D3-BF4B-00C04F79EFBC}") = "Recipe05.DataAccess", "Recipe05.DataAccess\Recipe05.DataAccess.csproj", "{0BDF1800-AD94-41A2-A014-CD73FFCAF8A7}"
EndProject
Global
	GlobalSection(SolutionConfigurationPlatforms) = preSolution
		Debug|Any CPU = Debug|Any CPU
		Debug|x64 = Debug|x64
		Debug|x86 = Debug|x86
		Release|Any CPU = Release|Any CPU
		Release|x64 = Release|x64
		Release|x86 = Release|x86
	EndGlobalSection
	GlobalSection(ProjectConfigurationPlatforms) = postSolution
		{0D48F793-7449-416A-ADB1-E21554D76CA3}.Debug|Any CPU.ActiveCfg = Debug|Any CPU
		{0D48F793-7449-416A-ADB1-E21554D76CA3}.Debug|Any CPU.Build.0 = Debug|Any CPU
		{0D48F793-7449-416A-ADB1-E21554D76CA3}.Debug|x64.ActiveCfg = Debug|x64
		{0D48F793-7449-416A-ADB1-E21554D76CA3}.Debug|x64.Build.0 = Debug|x64
		{0D48F793-7449-416A-ADB1-E21554D76CA3}.Debug|x86.ActiveCfg = Debug|x86
		{0D48F793-7449-416A-ADB1-E21554D76CA3}.Debug|x86.Build.0 = Debug|x86
		{0D48F793-7449-416A-ADB1-E21554D76CA3}.Release|Any CPU.ActiveCfg = Release|Any CPU
		{0D48F793-7449-416A-ADB1-E21554D76CA3}.Release|Any CPU.Build.0 = Release|Any CPU
		{0D48F793-7449-416A-ADB1-E21554D76CA3}.Release|x64.ActiveCfg = Release|x64
		{0D48F793-7449-416A-ADB1-E21554D76CA3}.Release|x64.Build.0 = Release|x64
		{0D48F793-7449-416A-ADB1-E21554D76CA3}.Release|x86.ActiveCfg = Release|x86
		{0D48F793-7449-416A-ADB1-E21554D76CA3}.Release|x86.Build.0 = Release|x86
		{0BDF1800-AD94-41A2-A014-CD73FFCAF8A7}.Debug|Any CPU.ActiveCfg = Debug|Any CPU
		{0BDF1800-AD94-41A2-A014-CD73FFCAF8A7}.Debug|Any CPU.Build.0 = Debug|Any CPU
		{0BDF1800-AD94-41A2-A014-CD73FFCAF8A7}.Debug|x64.ActiveCfg = Debug|x64
		{0BDF1800-AD94-41A2-A014-CD73FFCAF8A7}.Debug|x64.Build.0 = Debug|x64
		{0BDF1800-AD94-41A2-A014-CD73FFCAF8A7}.Debug|x86.ActiveCfg = Debug|x86
		{0BDF1800-AD94-41A2-A014-CD73FFCAF8A7}.Debug|x86.Build.0 = Debug|x86
		{0BDF1800-AD94-41A2-A014-CD73FFCAF8A7}.Release|Any CPU.ActiveCfg = Release|Any CPU
		{0BDF1800-AD94-41A2-A014-CD73FFCAF8A7}.Release|Any CPU.Build.0 = Release|Any CPU
		{0BDF1800-AD94-41A2-A014-CD73FFCAF8A7}.Release|x64.ActiveCfg = Release|x64
		{0BDF1800-AD94-41A2-A014-CD73FFCAF8A7}.Release|x64.Build.0 = Release|x64
		{0BDF1800-AD94-41A2-A014-CD73FFCAF8A7}.Release|x86.ActiveCfg = Release|x86
		{0BDF1800-AD94-41A2-A014-CD73FFCAF8A7}.Release|x86.Build.0 = Release|x86
	EndGlobalSection
	GlobalSection(SolutionProperties) = preSolution
		HideSolutionNode = FALSE
	EndGlobalSection
EndGlobal
