
Microsoft Visual Studio Solution File, Format Version 12.00
# Visual Studio 15
VisualStudioVersion = 15.0.25914.0
MinimumVisualStudioVersion = 10.0.40219.1
Project("{2150E333-8FDC-42A3-9474-1A3956D46DE8}") = "src", "src", "{BE2DBEB1-A7A8-47E8-8863-45A29827407E}"
EndProject
Project("{FAE04EC0-301F-11D3-BF4B-00C04F79EFBC}") = "Recipe01", "src\Recipe01\Recipe01.csproj", "{D5F4868D-4C9D-4713-A47E-1CE717DCE268}"
EndProject
Global
	GlobalSection(SolutionConfigurationPlatforms) = preSolution
		Debug|Any CPU = Debug|Any CPU
		Release|Any CPU = Release|Any CPU
	EndGlobalSection
	GlobalSection(ProjectConfigurationPlatforms) = postSolution
		{D5F4868D-4C9D-4713-A47E-1CE717DCE268}.Debug|Any CPU.ActiveCfg = Debug|Any CPU
		{D5F4868D-4C9D-4713-A47E-1CE717DCE268}.Debug|Any CPU.Build.0 = Debug|Any CPU
		{D5F4868D-4C9D-4713-A47E-1CE717DCE268}.Release|Any CPU.ActiveCfg = Release|Any CPU
		{D5F4868D-4C9D-4713-A47E-1CE717DCE268}.Release|Any CPU.Build.0 = Release|Any CPU
	EndGlobalSection
	GlobalSection(SolutionProperties) = preSolution
		HideSolutionNode = FALSE
	EndGlobalSection
	GlobalSection(NestedProjects) = preSolution
		{D5F4868D-4C9D-4713-A47E-1CE717DCE268} = {BE2DBEB1-A7A8-47E8-8863-45A29827407E}
	EndGlobalSection
EndGlobal
