
Microsoft Visual Studio Solution File, Format Version 12.00
# Visual Studio 15
VisualStudioVersion = 15.0.26014.0
MinimumVisualStudioVersion = 10.0.40219.1
Project("{2150E333-8FDC-42A3-9474-1A3956D46DE8}") = "src", "src", "{F7F39A9E-8F13-48BD-8D9F-76523927D93A}"
EndProject
Project("{FAE04EC0-301F-11D3-BF4B-00C04F79EFBC}") = "Recipe02", "src\Recipe02\Recipe02.csproj", "{1C36C578-5994-4848-8DA0-78F0E70E2706}"
EndProject
Global
	GlobalSection(SolutionConfigurationPlatforms) = preSolution
		Debug|Any CPU = Debug|Any CPU
		Debug|x64 = Debug|x64
		Debug|x86 = Debug|x86
		Release|Any CPU = Release|Any CPU
		Release|x64 = Release|x64
		Release|x86 = Release|x86
	EndGlobalSection
	GlobalSection(ProjectConfigurationPlatforms) = postSolution
		{1C36C578-5994-4848-8DA0-78F0E70E2706}.Debug|Any CPU.ActiveCfg = Debug|Any CPU
		{1C36C578-5994-4848-8DA0-78F0E70E2706}.Debug|Any CPU.Build.0 = Debug|Any CPU
		{1C36C578-5994-4848-8DA0-78F0E70E2706}.Debug|x64.ActiveCfg = Debug|x64
		{1C36C578-5994-4848-8DA0-78F0E70E2706}.Debug|x64.Build.0 = Debug|x64
		{1C36C578-5994-4848-8DA0-78F0E70E2706}.Debug|x86.ActiveCfg = Debug|x86
		{1C36C578-5994-4848-8DA0-78F0E70E2706}.Debug|x86.Build.0 = Debug|x86
		{1C36C578-5994-4848-8DA0-78F0E70E2706}.Release|Any CPU.ActiveCfg = Release|Any CPU
		{1C36C578-5994-4848-8DA0-78F0E70E2706}.Release|Any CPU.Build.0 = Release|Any CPU
		{1C36C578-5994-4848-8DA0-78F0E70E2706}.Release|x64.ActiveCfg = Release|x64
		{1C36C578-5994-4848-8DA0-78F0E70E2706}.Release|x64.Build.0 = Release|x64
		{1C36C578-5994-4848-8DA0-78F0E70E2706}.Release|x86.ActiveCfg = Release|x86
		{1C36C578-5994-4848-8DA0-78F0E70E2706}.Release|x86.Build.0 = Release|x86
	EndGlobalSection
	GlobalSection(SolutionProperties) = preSolution
		HideSolutionNode = FALSE
	EndGlobalSection
	GlobalSection(NestedProjects) = preSolution
		{1C36C578-5994-4848-8DA0-78F0E70E2706} = {F7F39A9E-8F13-48BD-8D9F-76523927D93A}
	EndGlobalSection
EndGlobal
