
Microsoft Visual Studio Solution File, Format Version 12.00
# Visual Studio 15
VisualStudioVersion = 15.0.25914.0
MinimumVisualStudioVersion = 10.0.40219.1
Project("{2150E333-8FDC-42A3-9474-1A3956D46DE8}") = "src", "src", "{80241764-B2AC-46F5-93B5-D87983807F3F}"
EndProject
Project("{FAE04EC0-301F-11D3-BF4B-00C04F79EFBC}") = "Fundamentals", "src\Fundamentals\Fundamentals.csproj", "{A3B064EA-1637-4B1A-A538-C578F8226432}"
EndProject
Project("{FAE04EC0-301F-11D3-BF4B-00C04F79EFBC}") = "Recipe01-06", "src\Recipe01-06\Recipe01-06.csproj", "{2A6F2920-0CCC-4182-9D0D-4FF725DAC176}"
EndProject
Global
	GlobalSection(SolutionConfigurationPlatforms) = preSolution
		Debug|Any CPU = Debug|Any CPU
		Release|Any CPU = Release|Any CPU
	EndGlobalSection
	GlobalSection(ProjectConfigurationPlatforms) = postSolution
		{A3B064EA-1637-4B1A-A538-C578F8226432}.Debug|Any CPU.ActiveCfg = Debug|Any CPU
		{A3B064EA-1637-4B1A-A538-C578F8226432}.Debug|Any CPU.Build.0 = Debug|Any CPU
		{A3B064EA-1637-4B1A-A538-C578F8226432}.Release|Any CPU.ActiveCfg = Release|Any CPU
		{A3B064EA-1637-4B1A-A538-C578F8226432}.Release|Any CPU.Build.0 = Release|Any CPU
		{2A6F2920-0CCC-4182-9D0D-4FF725DAC176}.Debug|Any CPU.ActiveCfg = Debug|Any CPU
		{2A6F2920-0CCC-4182-9D0D-4FF725DAC176}.Debug|Any CPU.Build.0 = Debug|Any CPU
		{2A6F2920-0CCC-4182-9D0D-4FF725DAC176}.Release|Any CPU.ActiveCfg = Release|Any CPU
		{2A6F2920-0CCC-4182-9D0D-4FF725DAC176}.Release|Any CPU.Build.0 = Release|Any CPU
	EndGlobalSection
	GlobalSection(SolutionProperties) = preSolution
		HideSolutionNode = FALSE
	EndGlobalSection
	GlobalSection(NestedProjects) = preSolution
		{A3B064EA-1637-4B1A-A538-C578F8226432} = {80241764-B2AC-46F5-93B5-D87983807F3F}
		{2A6F2920-0CCC-4182-9D0D-4FF725DAC176} = {80241764-B2AC-46F5-93B5-D87983807F3F}
	EndGlobalSection
EndGlobal
